
Microsoft Visual Studio Solution File, Format Version 12.00
# Visual Studio Version 17
VisualStudioVersion = 17.5.002.0
MinimumVisualStudioVersion = 10.0.40219.1
Project("{9A19103F-16F7-4668-BE54-9A1E7A4F7556}") = "MyConsoleApp", "MyConsoleApp.csproj", "{D0FE5BF5-861F-42DF-BA8E-C5F643F375B0}"
EndProject
Global
	GlobalSection(SolutionConfigurationPlatforms) = preSolution
		Debug|Any CPU = Debug|Any CPU
		Release|Any CPU = Release|Any CPU
	EndGlobalSection
	GlobalSection(ProjectConfigurationPlatforms) = postSolution
		{D0FE5BF5-861F-42DF-BA8E-C5F643F375B0}.Debug|Any CPU.ActiveCfg = Debug|Any CPU
		{D0FE5BF5-861F-42DF-BA8E-C5F643F375B0}.Debug|Any CPU.Build.0 = Debug|Any CPU
		{D0FE5BF5-861F-42DF-BA8E-C5F643F375B0}.Release|Any CPU.ActiveCfg = Release|Any CPU
		{D0FE5BF5-861F-42DF-BA8E-C5F643F375B0}.Release|Any CPU.Build.0 = Release|Any CPU
	EndGlobalSection
	GlobalSection(SolutionProperties) = preSolution
		HideSolutionNode = FALSE
	EndGlobalSection
	GlobalSection(ExtensibilityGlobals) = postSolution
		SolutionGuid = {DBC05AF8-F03C-4ED6-83B7-454CFD87216F}
	EndGlobalSection
EndGlobal
